
Microsoft Visual Studio Solution File, Format Version 12.00
# Visual Studio Version 17
VisualStudioVersion = 17.9.34701.34
MinimumVisualStudioVersion = 10.0.40219.1
Project("{FAE04EC0-301F-11D3-BF4B-00C04F79EFBC}") = "RacingGame", "RacingGame.csproj", "{F7105A44-4E0C-4F88-9237-4B4BB59E15B5}"
EndProject
Global
	GlobalSection(SolutionConfigurationPlatforms) = preSolution
		Debug|Any CPU = Debug|Any CPU
		Release|Any CPU = Release|Any CPU
	EndGlobalSection
	GlobalSection(ProjectConfigurationPlatforms) = postSolution
		{F7105A44-4E0C-4F88-9237-4B4BB59E15B5}.Debug|Any CPU.ActiveCfg = Debug|Any CPU
		{F7105A44-4E0C-4F88-9237-4B4BB59E15B5}.Debug|Any CPU.Build.0 = Debug|Any CPU
		{F7105A44-4E0C-4F88-9237-4B4BB59E15B5}.Release|Any CPU.ActiveCfg = Release|Any CPU
		{F7105A44-4E0C-4F88-9237-4B4BB59E15B5}.Release|Any CPU.Build.0 = Release|Any CPU
	EndGlobalSection
	GlobalSection(SolutionProperties) = preSolution
		HideSolutionNode = FALSE
	EndGlobalSection
	GlobalSection(ExtensibilityGlobals) = postSolution
		SolutionGuid = {8906AA9F-C23C-443E-A58E-8B9A6295B244}
	EndGlobalSection
EndGlobal
